
Microsoft Visual Studio Solution File, Format Version 12.00
# Visual Studio Version 17
VisualStudioVersion = 17.14.36109.1 d17.14
MinimumVisualStudioVersion = 10.0.40219.1
Project("{FAE04EC0-301F-11D3-BF4B-00C04F79EFBC}") = "BULMS", "BULMS\BULMS.csproj", "{B36CEB65-08F7-46FC-AA4A-38A3489F0687}"
EndProject
Global
	GlobalSection(SolutionConfigurationPlatforms) = preSolution
		Debug|Any CPU = Debug|Any CPU
		Release|Any CPU = Release|Any CPU
	EndGlobalSection
	GlobalSection(ProjectConfigurationPlatforms) = postSolution
		{B36CEB65-08F7-46FC-AA4A-38A3489F0687}.Debug|Any CPU.ActiveCfg = Debug|Any CPU
		{B36CEB65-08F7-46FC-AA4A-38A3489F0687}.Debug|Any CPU.Build.0 = Debug|Any CPU
		{B36CEB65-08F7-46FC-AA4A-38A3489F0687}.Release|Any CPU.ActiveCfg = Release|Any CPU
		{B36CEB65-08F7-46FC-AA4A-38A3489F0687}.Release|Any CPU.Build.0 = Release|Any CPU
	EndGlobalSection
	GlobalSection(SolutionProperties) = preSolution
		HideSolutionNode = FALSE
	EndGlobalSection
	GlobalSection(ExtensibilityGlobals) = postSolution
		SolutionGuid = {0398A7AE-DB9B-460A-A5EF-8F5A5B364F29}
	EndGlobalSection
EndGlobal
